{
  "name": "react_feedback_widget_web",
  "lockfileVersion": 2,
  "requires": true,
  "packages": {
    "": {
      "dependencies": {
        "nodemailer": "^6.7.5"
      }
    },
    "node_modules/nodemailer": {
      "version": "6.7.5",
      "resolved": "https://registry.npmjs.org/nodemailer/-/nodemailer-6.7.5.tgz",
      "integrity": "sha512-6VtMpwhsrixq1HDYSBBHvW0GwiWawE75dS3oal48VqRhUvKJNnKnJo2RI/bCVQubj1vgrgscMNW4DHaD6xtMCg==",
      "engines": {
        "node": ">=6.0.0"
      }
    }
  },
  "dependencies": {
    "nodemailer": {
      "version": "6.7.5",
      "resolved": "https://registry.npmjs.org/nodemailer/-/nodemailer-6.7.5.tgz",
      "integrity": "sha512-6VtMpwhsrixq1HDYSBBHvW0GwiWawE75dS3oal48VqRhUvKJNnKnJo2RI/bCVQubj1vgrgscMNW4DHaD6xtMCg=="
    }
  }
}
